appdirs==1.4.4
autograd==1.8.0
autoray==0.8.4
cachetools==7.1.7
cloudpickle==3.1.2
diastatic-malt==2.15.3
iniconfig==2.3.0
joblib==1.5.3
narwhals==2.24.0
opencv-python-headless==5.0.0.93
pennylane==0.45.1
pennylane_lightning==0.45.0
pluggy==1.6.0
pydicom==3.0.2
pytest==9.1.1
rustworkx==0.18.1
scikit-learn==1.9.0
scipy-openblas32==0.3.34.106.0
scipy==1.17.1
seaborn==0.13.2
shap==0.52.0
slicer==0.0.8
termcolor==3.3.0
threadpoolctl==3.6.0
tomlkit==0.15.1
